// !$*UTF8*$!
{
	archiveVersion = 1;
	classes = {
	};
	objectVersion = 46;
	objects = {

/* Begin PBXBuildFile section */
		0258689F1C30A583009ADFB7 /* main.swift in Sources */ = {isa = PBXBuildFile; fileRef = 0258689E1C30A583009ADFB7 /* main.swift */; };
		025868A71C30A890009ADFB7 /* BTDiscovery.swift in Sources */ = {isa = PBXBuildFile; fileRef = 025868A51C30A890009ADFB7 /* BTDiscovery.swift */; };
		025868A81C30A890009ADFB7 /* BTService.swift in Sources */ = {isa = PBXBuildFile; fileRef = 025868A61C30A890009ADFB7 /* BTService.swift */; };
/* End PBXBuildFile section */

/* Begin PBXCopyFilesBuildPhase section */
		025868991C30A583009ADFB7 /* CopyFiles */ = {
			isa = PBXCopyFilesBuildPhase;
			buildActionMask = 2147483647;
			dstPath = /usr/share/man/man1/;
			dstSubfolderSpec = 0;
			files = (
			);
			runOnlyForDeploymentPostprocessing = 1;
		};
/* End PBXCopyFilesBuildPhase section */

/* Begin PBXFileReference section */
		0258689B1C30A583009ADFB7 /* BleTest */ = {isa = PBXFileReference; explicitFileType = "compiled.mach-o.executable"; includeInIndex = 0; path = BleTest; sourceTree = BUILT_PRODUCTS_DIR; };
		0258689E1C30A583009ADFB7 /* main.swift */ = {isa = PBXFileReference; lastKnownFileType = sourcecode.swift; path = main.swift; sourceTree = "<group>"; };
		025868A51C30A890009ADFB7 /* BTDiscovery.swift */ = {isa = PBXFileReference; fileEncoding = 4; lastKnownFileType = sourcecode.swift; name = BTDiscovery.swift; path = BleTest/Classes/BTDiscovery.swift; sourceTree = "<group>"; };
		025868A61C30A890009ADFB7 /* BTService.swift */ = {isa = PBXFileReference; fileEncoding = 4; lastKnownFileType = sourcecode.swift; name = BTService.swift; path = BleTest/Classes/BTService.swift; sourceTree = "<group>"; };
/* End PBXFileReference section */

/* Begin PBXFrameworksBuildPhase section */
		025868981C30A583009ADFB7 /* Frameworks */ = {
			isa = PBXFrameworksBuildPhase;
			buildActionMask = 2147483647;
			files = (
			);
			runOnlyForDeploymentPostprocessing = 0;
		};
/* End PBXFrameworksBuildPhase section */

/* Begin PBXGroup section */
		025868921C30A583009ADFB7 = {
			isa = PBXGroup;
			children = (
				025868A51C30A890009ADFB7 /* BTDiscovery.swift */,
				025868A61C30A890009ADFB7 /* BTService.swift */,
				0258689D1C30A583009ADFB7 /* BleTest */,
				0258689C1C30A583009ADFB7 /* Products */,
			);
			sourceTree = "<group>";
		};
		0258689C1C30A583009ADFB7 /* Products */ = {
			isa = PBXGroup;
			children = (
				0258689B1C30A583009ADFB7 /* BleTest */,
			);
			name = Products;
			sourceTree = "<group>";
		};
		0258689D1C30A583009ADFB7 /* BleTest */ = {
			isa = PBXGroup;
			children = (
				0258689E1C30A583009ADFB7 /* main.swift */,
			);
			path = BleTest;
			sourceTree = "<group>";
		};
/* End PBXGroup section */

/* Begin PBXNativeTarget section */
		0258689A1C30A583009ADFB7 /* BleTest */ = {
			isa = PBXNativeTarget;
			buildConfigurationList = 025868A21C30A583009ADFB7 /* Build configuration list for PBXNativeTarget "BleTest" */;
			buildPhases = (
				025868971C30A583009ADFB7 /* Sources */,
				025868981C30A583009ADFB7 /* Frameworks */,
				025868991C30A583009ADFB7 /* CopyFiles */,
			);
			buildRules = (
			);
			dependencies = (
			);
			name = BleTest;
			productName = BleTest;
			productReference = 0258689B1C30A583009ADFB7 /* BleTest */;
			productType = "com.apple.product-type.tool";
		};
/* End PBXNativeTarget section */

/* Begin PBXProject section */
		025868931C30A583009ADFB7 /* Project object */ = {
			isa = PBXProject;
			attributes = {
				LastSwiftUpdateCheck = 0720;
				LastUpgradeCheck = 0720;
				ORGANIZATIONNAME = "Anthony Abbot";
				TargetAttributes = {
					0258689A1C30A583009ADFB7 = {
						CreatedOnToolsVersion = 7.2;
					};
				};
			};
			buildConfigurationList = 025868961C30A583009ADFB7 /* Build configuration list for PBXProject "BleTest" */;
			compatibilityVersion = "Xcode 3.2";
			developmentRegion = English;
			hasScannedForEncodings = 0;
			knownRegions = (
				en,
			);
			mainGroup = 025868921C30A583009ADFB7;
			productRefGroup = 0258689C1C30A583009ADFB7 /* Products */;
			projectDirPath = "";
			projectRoot = "";
			targets = (
				0258689A1C30A583009ADFB7 /* BleTest */,
			);
		};
/* End PBXProject section */

/* Begin PBXSourcesBuildPhase section */
		025868971C30A583009ADFB7 /* Sources */ = {
			isa = PBXSourcesBuildPhase;
			buildActionMask = 2147483647;
			files = (
				025868A81C30A890009ADFB7 /* BTService.swift in Sources */,
				025868A71C30A890009ADFB7 /* BTDiscovery.swift in Sources */,
				0258689F1C30A583009ADFB7 /* main.swift in Sources */,
			);
			runOnlyForDeploymentPostprocessing = 0;
		};
/* End PBXSourcesBuildPhase section */

/* Begin XCBuildConfiguration section */
		025868A01C30A583009ADFB7 /* Debug */ = {
			isa = XCBuildConfiguration;
			buildSettings = {
				ALWAYS_SEARCH_USER_PATHS = NO;
				CLANG_CXX_LANGUAGE_STANDARD = "gnu++0x";
				CLANG_CXX_LIBRARY = "libc++";
				CLANG_ENABLE_MODULES = YES;
				CLANG_ENABLE_OBJC_ARC = YES;
				CLANG_WARN_BOOL_CONVERSION = YES;
				CLANG_WARN_CONSTANT_CONVERSION = YES;
				CLANG_WARN_DIRECT_OBJC_ISA_USAGE = YES_ERROR;
				CLANG_WARN_EMPTY_BODY = YES;
				CLANG_WARN_ENUM_CONVERSION = YES;
				CLANG_WARN_INT_CONVERSION = YES;
				CLANG_WARN_OBJC_ROOT_CLASS = YES_ERROR;
				CLANG_WARN_UNREACHABLE_CODE = YES;
				CLANG_WARN__DUPLICATE_METHOD_MATCH = YES;
				CODE_SIGN_IDENTITY = "-";
				COPY_PHASE_STRIP = NO;
				DEBUG_INFORMATION_FORMAT = dwarf;
				ENABLE_STRICT_OBJC_MSGSEND = YES;
				ENABLE_TESTABILITY = YES;
				GCC_C_LANGUAGE_STANDARD = gnu99;
				GCC_DYNAMIC_NO_PIC = NO;
				GCC_NO_COMMON_BLOCKS = YES;
				GCC_OPTIMIZATION_LEVEL = 0;
				GCC_PREPROCESSOR_DEFINITIONS = (
					"DEBUG=1",
					"$(inherited)",
				);
				GCC_WARN_64_TO_32_BIT_CONVERSION = YES;
				GCC_WARN_ABOUT_RETURN_TYPE = YES_ERROR;
				GCC_WARN_UNDECLARED_SELECTOR = YES;
				GCC_WARN_UNINITIALIZED_AUTOS = YES_AGGRESSIVE;
				GCC_WARN_UNUSED_FUNCTION = YES;
				GCC_WARN_UNUSED_VARIABLE = YES;
				MACOSX_DEPLOYMENT_TARGET = 10.11;
				MTL_ENABLE_DEBUG_INFO = YES;
				ONLY_ACTIVE_ARCH = YES;
				SDKROOT = macosx;
				SWIFT_OPTIMIZATION_LEVEL = "-Onone";
			};
			name = Debug;
		};
		025868A11C30A583009ADFB7 /* Release */ = {
			isa = XCBuildConfiguration;
			buildSettings = {
				ALWAYS_SEARCH_USER_PATHS = NO;
				CLANG_CXX_LANGUAGE_STANDARD = "gnu++0x";
				CLANG_CXX_LIBRARY = "libc++";
				CLANG_ENABLE_MODULES = YES;
				CLANG_ENABLE_OBJC_ARC = YES;
				CLANG_WARN_BOOL_CONVERSION = YES;
				CLANG_WARN_CONSTANT_CONVERSION = YES;
				CLANG_WARN_DIRECT_OBJC_ISA_USAGE = YES_ERROR;
				CLANG_WARN_EMPTY_BODY = YES;
				CLANG_WARN_ENUM_CONVERSION = YES;
				CLANG_WARN_INT_CONVERSION = YES;
				CLANG_WARN_OBJC_ROOT_CLASS = YES_ERROR;
				CLANG_WARN_UNREACHABLE_CODE = YES;
				CLANG_WARN__DUPLICATE_METHOD_MATCH = YES;
				CODE_SIGN_IDENTITY = "-";
				COPY_PHASE_STRIP = NO;
				DEBUG_INFORMATION_FORMAT = "dwarf-with-dsym";
				ENABLE_NS_ASSERTIONS = NO;
				ENABLE_STRICT_OBJC_MSGSEND = YES;
				GCC_C_LANGUAGE_STANDARD = gnu99;
				GCC_NO_COMMON_BLOCKS = YES;
				GCC_WARN_64_TO_32_BIT_CONVERSION = YES;
				GCC_WARN_ABOUT_RETURN_TYPE = YES_ERROR;
				GCC_WARN_UNDECLARED_SELECTOR = YES;
				GCC_WARN_UNINITIALIZED_AUTOS = YES_AGGRESSIVE;
				GCC_WARN_UNUSED_FUNCTION = YES;
				GCC_WARN_UNUSED_VARIABLE = YES;
				MACOSX_DEPLOYMENT_TARGET = 10.11;
				MTL_ENABLE_DEBUG_INFO = NO;
				SDKROOT = macosx;
			};
			name = Release;
		};
		025868A31C30A583009ADFB7 /* Debug */ = {
			isa = XCBuildConfiguration;
			buildSettings = {
				PRODUCT_NAME = "$(TARGET_NAME)";
			};
			name = Debug;
		};
		025868A41C30A583009ADFB7 /* Release */ = {
			isa = XCBuildConfiguration;
			buildSettings = {
				PRODUCT_NAME = "$(TARGET_NAME)";
			};
			name = Release;
		};
/* End XCBuildConfiguration section */

/* Begin XCConfigurationList section */
		025868961C30A583009ADFB7 /* Build configuration list for PBXProject "BleTest" */ = {
			isa = XCConfigurationList;
			buildConfigurations = (
				025868A01C30A583009ADFB7 /* Debug */,
				025868A11C30A583009ADFB7 /* Release */,
			);
			defaultConfigurationIsVisible = 0;
			defaultConfigurationName = Release;
		};
		025868A21C30A583009ADFB7 /* Build configuration list for PBXNativeTarget "BleTest" */ = {
			isa = XCConfigurationList;
			buildConfigurations = (
				025868A31C30A583009ADFB7 /* Debug */,
				025868A41C30A583009ADFB7 /* Release */,
			);
			defaultConfigurationIsVisible = 0;
		};
/* End XCConfigurationList section */
	};
	rootObject = 025868931C30A583009ADFB7 /* Project object */;
}
